// !$*UTF8*$!
{
	archiveVersion = 1;
	classes = {
	};
	objectVersion = 50;
	objects = {

/* Begin PBXBuildFile section */
		985BD39357DD5A6DFFD1D0B6 /* Pods_MVVMReactive.framework in Frameworks */ = {isa = PBXBuildFile; fileRef = CBC531CC66C03D9133E944ED /* Pods_MVVMReactive.framework */; };
		B11E4CF121F49464006E95CB /* AppDelegate.swift in Sources */ = {isa = PBXBuildFile; fileRef = B11E4CF021F49464006E95CB /* AppDelegate.swift */; };
		B11E4CF321F49464006E95CB /* ViewController.swift in Sources */ = {isa = PBXBuildFile; fileRef = B11E4CF221F49464006E95CB /* ViewController.swift */; };
		B11E4CF621F49464006E95CB /* Main.storyboard in Resources */ = {isa = PBXBuildFile; fileRef = B11E4CF421F49464006E95CB /* Main.storyboard */; };
		B11E4CF821F49466006E95CB /* Assets.xcassets in Resources */ = {isa = PBXBuildFile; fileRef = B11E4CF721F49466006E95CB /* Assets.xcassets */; };
		B11E4CFB21F49466006E95CB /* LaunchScreen.storyboard in Resources */ = {isa = PBXBuildFile; fileRef = B11E4CF921F49466006E95CB /* LaunchScreen.storyboard */; };
		B11E4D0621F49466006E95CB /* MVVMReactiveTests.swift in Sources */ = {isa = PBXBuildFile; fileRef = B11E4D0521F49466006E95CB /* MVVMReactiveTests.swift */; };
		B11E4D1121F49530006E95CB /* ViewModel.swift in Sources */ = {isa = PBXBuildFile; fileRef = B11E4D1021F49530006E95CB /* ViewModel.swift */; };
		B11E4D1321F49581006E95CB /* Coordinator.swift in Sources */ = {isa = PBXBuildFile; fileRef = B11E4D1221F49581006E95CB /* Coordinator.swift */; };
		B1DB282A21F5E51900092111 /* Service.swift in Sources */ = {isa = PBXBuildFile; fileRef = B1DB282921F5E51900092111 /* Service.swift */; };
		F7ED8D684A94125D8D6A5B57 /* Pods_MVVMReactiveTests.framework in Frameworks */ = {isa = PBXBuildFile; fileRef = 09533A8C60E6C1501925B5EE /* Pods_MVVMReactiveTests.framework */; };
/* End PBXBuildFile section */

/* Begin PBXContainerItemProxy section */
		B11E4D0221F49466006E95CB /* PBXContainerItemProxy */ = {
			isa = PBXContainerItemProxy;
			containerPortal = B11E4CE521F49464006E95CB /* Project object */;
			proxyType = 1;
			remoteGlobalIDString = B11E4CEC21F49464006E95CB;
			remoteInfo = MVVMReactive;
		};
/* End PBXContainerItemProxy section */

/* Begin PBXFileReference section */
		09533A8C60E6C1501925B5EE /* Pods_MVVMReactiveTests.framework */ = {isa = PBXFileReference; explicitFileType = wrapper.framework; includeInIndex = 0; path = Pods_MVVMReactiveTests.framework; sourceTree = BUILT_PRODUCTS_DIR; };
		1FC4368DB6308D89FC5A048E /* Pods-MVVMReactiveTests.debug.xcconfig */ = {isa = PBXFileReference; includeInIndex = 1; lastKnownFileType = text.xcconfig; name = "Pods-MVVMReactiveTests.debug.xcconfig"; path = "Pods/Target Support Files/Pods-MVVMReactiveTests/Pods-MVVMReactiveTests.debug.xcconfig"; sourceTree = "<group>"; };
		69EBBADAD10415C13028A18D /* Pods-MVVMReactive.release.xcconfig */ = {isa = PBXFileReference; includeInIndex = 1; lastKnownFileType = text.xcconfig; name = "Pods-MVVMReactive.release.xcconfig"; path = "Pods/Target Support Files/Pods-MVVMReactive/Pods-MVVMReactive.release.xcconfig"; sourceTree = "<group>"; };
		B11E4CED21F49464006E95CB /* MVVMReactive.app */ = {isa = PBXFileReference; explicitFileType = wrapper.application; includeInIndex = 0; path = MVVMReactive.app; sourceTree = BUILT_PRODUCTS_DIR; };
		B11E4CF021F49464006E95CB /* AppDelegate.swift */ = {isa = PBXFileReference; lastKnownFileType = sourcecode.swift; path = AppDelegate.swift; sourceTree = "<group>"; };
		B11E4CF221F49464006E95CB /* ViewController.swift */ = {isa = PBXFileReference; lastKnownFileType = sourcecode.swift; path = ViewController.swift; sourceTree = "<group>"; };
		B11E4CF521F49464006E95CB /* Base */ = {isa = PBXFileReference; lastKnownFileType = file.storyboard; name = Base; path = Base.lproj/Main.storyboard; sourceTree = "<group>"; };
		B11E4CF721F49466006E95CB /* Assets.xcassets */ = {isa = PBXFileReference; lastKnownFileType = folder.assetcatalog; path = Assets.xcassets; sourceTree = "<group>"; };
		B11E4CFA21F49466006E95CB /* Base */ = {isa = PBXFileReference; lastKnownFileType = file.storyboard; name = Base; path = Base.lproj/LaunchScreen.storyboard; sourceTree = "<group>"; };
		B11E4CFC21F49466006E95CB /* Info.plist */ = {isa = PBXFileReference; lastKnownFileType = text.plist.xml; path = Info.plist; sourceTree = "<group>"; };
		B11E4D0121F49466006E95CB /* MVVMReactiveTests.xctest */ = {isa = PBXFileReference; explicitFileType = wrapper.cfbundle; includeInIndex = 0; path = MVVMReactiveTests.xctest; sourceTree = BUILT_PRODUCTS_DIR; };
		B11E4D0521F49466006E95CB /* MVVMReactiveTests.swift */ = {isa = PBXFileReference; lastKnownFileType = sourcecode.swift; path = MVVMReactiveTests.swift; sourceTree = "<group>"; };
		B11E4D0721F49466006E95CB /* Info.plist */ = {isa = PBXFileReference; lastKnownFileType = text.plist.xml; path = Info.plist; sourceTree = "<group>"; };
		B11E4D1021F49530006E95CB /* ViewModel.swift */ = {isa = PBXFileReference; lastKnownFileType = sourcecode.swift; path = ViewModel.swift; sourceTree = "<group>"; };
		B11E4D1221F49581006E95CB /* Coordinator.swift */ = {isa = PBXFileReference; lastKnownFileType = sourcecode.swift; path = Coordinator.swift; sourceTree = "<group>"; };
		B1DB282921F5E51900092111 /* Service.swift */ = {isa = PBXFileReference; lastKnownFileType = sourcecode.swift; path = Service.swift; sourceTree = "<group>"; };
		C6EAB55A7F2B7279B3ED3054 /* Pods-MVVMReactive.debug.xcconfig */ = {isa = PBXFileReference; includeInIndex = 1; lastKnownFileType = text.xcconfig; name = "Pods-MVVMReactive.debug.xcconfig"; path = "Pods/Target Support Files/Pods-MVVMReactive/Pods-MVVMReactive.debug.xcconfig"; sourceTree = "<group>"; };
		CBC531CC66C03D9133E944ED /* Pods_MVVMReactive.framework */ = {isa = PBXFileReference; explicitFileType = wrapper.framework; includeInIndex = 0; path = Pods_MVVMReactive.framework; sourceTree = BUILT_PRODUCTS_DIR; };
		D8043AE961DF8C179341BB58 /* Pods-MVVMReactiveTests.release.xcconfig */ = {isa = PBXFileReference; includeInIndex = 1; lastKnownFileType = text.xcconfig; name = "Pods-MVVMReactiveTests.release.xcconfig"; path = "Pods/Target Support Files/Pods-MVVMReactiveTests/Pods-MVVMReactiveTests.release.xcconfig"; sourceTree = "<group>"; };
/* End PBXFileReference section */

/* Begin PBXFrameworksBuildPhase section */
		B11E4CEA21F49464006E95CB /* Frameworks */ = {
			isa = PBXFrameworksBuildPhase;
			buildActionMask = 2147483647;
			files = (
				985BD39357DD5A6DFFD1D0B6 /* Pods_MVVMReactive.framework in Frameworks */,
			);
			runOnlyForDeploymentPostprocessing = 0;
		};
		B11E4CFE21F49466006E95CB /* Frameworks */ = {
			isa = PBXFrameworksBuildPhase;
			buildActionMask = 2147483647;
			files = (
				F7ED8D684A94125D8D6A5B57 /* Pods_MVVMReactiveTests.framework in Frameworks */,
			);
			runOnlyForDeploymentPostprocessing = 0;
		};
/* End PBXFrameworksBuildPhase section */

/* Begin PBXGroup section */
		75A01CA7C2BC5EEC49737FF8 /* Frameworks */ = {
			isa = PBXGroup;
			children = (
				CBC531CC66C03D9133E944ED /* Pods_MVVMReactive.framework */,
				09533A8C60E6C1501925B5EE /* Pods_MVVMReactiveTests.framework */,
			);
			name = Frameworks;
			sourceTree = "<group>";
		};
		B11E4CE421F49464006E95CB = {
			isa = PBXGroup;
			children = (
				B11E4CEF21F49464006E95CB /* MVVMReactive */,
				B11E4D0421F49466006E95CB /* MVVMReactiveTests */,
				B11E4CEE21F49464006E95CB /* Products */,
				E12EB62BC5632F9C289ED946 /* Pods */,
				75A01CA7C2BC5EEC49737FF8 /* Frameworks */,
			);
			sourceTree = "<group>";
		};
		B11E4CEE21F49464006E95CB /* Products */ = {
			isa = PBXGroup;
			children = (
				B11E4CED21F49464006E95CB /* MVVMReactive.app */,
				B11E4D0121F49466006E95CB /* MVVMReactiveTests.xctest */,
			);
			name = Products;
			sourceTree = "<group>";
		};
		B11E4CEF21F49464006E95CB /* MVVMReactive */ = {
			isa = PBXGroup;
			children = (
				B11E4CF021F49464006E95CB /* AppDelegate.swift */,
				B11E4CF221F49464006E95CB /* ViewController.swift */,
				B11E4D1221F49581006E95CB /* Coordinator.swift */,
				B11E4D1021F49530006E95CB /* ViewModel.swift */,
				B1DB282921F5E51900092111 /* Service.swift */,
				B11E4CF421F49464006E95CB /* Main.storyboard */,
				B11E4CF721F49466006E95CB /* Assets.xcassets */,
				B11E4CF921F49466006E95CB /* LaunchScreen.storyboard */,
				B11E4CFC21F49466006E95CB /* Info.plist */,
			);
			path = MVVMReactive;
			sourceTree = "<group>";
		};
		B11E4D0421F49466006E95CB /* MVVMReactiveTests */ = {
			isa = PBXGroup;
			children = (
				B11E4D0521F49466006E95CB /* MVVMReactiveTests.swift */,
				B11E4D0721F49466006E95CB /* Info.plist */,
			);
			path = MVVMReactiveTests;
			sourceTree = "<group>";
		};
		E12EB62BC5632F9C289ED946 /* Pods */ = {
			isa = PBXGroup;
			children = (
				C6EAB55A7F2B7279B3ED3054 /* Pods-MVVMReactive.debug.xcconfig */,
				69EBBADAD10415C13028A18D /* Pods-MVVMReactive.release.xcconfig */,
				1FC4368DB6308D89FC5A048E /* Pods-MVVMReactiveTests.debug.xcconfig */,
				D8043AE961DF8C179341BB58 /* Pods-MVVMReactiveTests.release.xcconfig */,
			);
			name = Pods;
			sourceTree = "<group>";
		};
/* End PBXGroup section */

/* Begin PBXNativeTarget section */
		B11E4CEC21F49464006E95CB /* MVVMReactive */ = {
			isa = PBXNativeTarget;
			buildConfigurationList = B11E4D0A21F49466006E95CB /* Build configuration list for PBXNativeTarget "MVVMReactive" */;
			buildPhases = (
				5139BAEA48CC40DB9A38CA93 /* [CP] Check Pods Manifest.lock */,
				B11E4CE921F49464006E95CB /* Sources */,
				B11E4CEA21F49464006E95CB /* Frameworks */,
				B11E4CEB21F49464006E95CB /* Resources */,
				D8B84D151498625A37660FB7 /* [CP] Embed Pods Frameworks */,
			);
			buildRules = (
			);
			dependencies = (
			);
			name = MVVMReactive;
			productName = MVVMReactive;
			productReference = B11E4CED21F49464006E95CB /* MVVMReactive.app */;
			productType = "com.apple.product-type.application";
		};
		B11E4D0021F49466006E95CB /* MVVMReactiveTests */ = {
			isa = PBXNativeTarget;
			buildConfigurationList = B11E4D0D21F49466006E95CB /* Build configuration list for PBXNativeTarget "MVVMReactiveTests" */;
			buildPhases = (
				5F5331031A79CA988671A666 /* [CP] Check Pods Manifest.lock */,
				B11E4CFD21F49466006E95CB /* Sources */,
				B11E4CFE21F49466006E95CB /* Frameworks */,
				B11E4CFF21F49466006E95CB /* Resources */,
			);
			buildRules = (
			);
			dependencies = (
				B11E4D0321F49466006E95CB /* PBXTargetDependency */,
			);
			name = MVVMReactiveTests;
			productName = MVVMReactiveTests;
			productReference = B11E4D0121F49466006E95CB /* MVVMReactiveTests.xctest */;
			productType = "com.apple.product-type.bundle.unit-test";
		};
/* End PBXNativeTarget section */

/* Begin PBXProject section */
		B11E4CE521F49464006E95CB /* Project object */ = {
			isa = PBXProject;
			attributes = {
				LastSwiftUpdateCheck = 1010;
				LastUpgradeCheck = 1010;
				ORGANIZATIONNAME = Jyothish;
				TargetAttributes = {
					B11E4CEC21F49464006E95CB = {
						CreatedOnToolsVersion = 10.1;
					};
					B11E4D0021F49466006E95CB = {
						CreatedOnToolsVersion = 10.1;
						TestTargetID = B11E4CEC21F49464006E95CB;
					};
				};
			};
			buildConfigurationList = B11E4CE821F49464006E95CB /* Build configuration list for PBXProject "MVVMReactive" */;
			compatibilityVersion = "Xcode 9.3";
			developmentRegion = en;
			hasScannedForEncodings = 0;
			knownRegions = (
				en,
				Base,
			);
			mainGroup = B11E4CE421F49464006E95CB;
			productRefGroup = B11E4CEE21F49464006E95CB /* Products */;
			projectDirPath = "";
			projectRoot = "";
			targets = (
				B11E4CEC21F49464006E95CB /* MVVMReactive */,
				B11E4D0021F49466006E95CB /* MVVMReactiveTests */,
			);
		};
/* End PBXProject section */

/* Begin PBXResourcesBuildPhase section */
		B11E4CEB21F49464006E95CB /* Resources */ = {
			isa = PBXResourcesBuildPhase;
			buildActionMask = 2147483647;
			files = (
				B11E4CFB21F49466006E95CB /* LaunchScreen.storyboard in Resources */,
				B11E4CF821F49466006E95CB /* Assets.xcassets in Resources */,
				B11E4CF621F49464006E95CB /* Main.storyboard in Resources */,
			);
			runOnlyForDeploymentPostprocessing = 0;
		};
		B11E4CFF21F49466006E95CB /* Resources */ = {
			isa = PBXResourcesBuildPhase;
			buildActionMask = 2147483647;
			files = (
			);
			runOnlyForDeploymentPostprocessing = 0;
		};
/* End PBXResourcesBuildPhase section */

/* Begin PBXShellScriptBuildPhase section */
		5139BAEA48CC40DB9A38CA93 /* [CP] Check Pods Manifest.lock */ = {
			isa = PBXShellScriptBuildPhase;
			buildActionMask = 2147483647;
			files = (
			);
			inputPaths = (
				"${PODS_PODFILE_DIR_PATH}/Podfile.lock",
				"${PODS_ROOT}/Manifest.lock",
			);
			name = "[CP] Check Pods Manifest.lock";
			outputPaths = (
				"$(DERIVED_FILE_DIR)/Pods-MVVMReactive-checkManifestLockResult.txt",
			);
			runOnlyForDeploymentPostprocessing = 0;
			shellPath = /bin/sh;
			shellScript = "diff \"${PODS_PODFILE_DIR_PATH}/Podfile.lock\" \"${PODS_ROOT}/Manifest.lock\" > /dev/null\nif [ $? != 0 ] ; then\n    # print error to STDERR\n    echo \"error: The sandbox is not in sync with the Podfile.lock. Run 'pod install' or update your CocoaPods installation.\" >&2\n    exit 1\nfi\n# This output is used by Xcode 'outputs' to avoid re-running this script phase.\necho \"SUCCESS\" > \"${SCRIPT_OUTPUT_FILE_0}\"\n";
			showEnvVarsInLog = 0;
		};
		5F5331031A79CA988671A666 /* [CP] Check Pods Manifest.lock */ = {
			isa = PBXShellScriptBuildPhase;
			buildActionMask = 2147483647;
			files = (
			);
			inputPaths = (
				"${PODS_PODFILE_DIR_PATH}/Podfile.lock",
				"${PODS_ROOT}/Manifest.lock",
			);
			name = "[CP] Check Pods Manifest.lock";
			outputPaths = (
				"$(DERIVED_FILE_DIR)/Pods-MVVMReactiveTests-checkManifestLockResult.txt",
			);
			runOnlyForDeploymentPostprocessing = 0;
			shellPath = /bin/sh;
			shellScript = "diff \"${PODS_PODFILE_DIR_PATH}/Podfile.lock\" \"${PODS_ROOT}/Manifest.lock\" > /dev/null\nif [ $? != 0 ] ; then\n    # print error to STDERR\n    echo \"error: The sandbox is not in sync with the Podfile.lock. Run 'pod install' or update your CocoaPods installation.\" >&2\n    exit 1\nfi\n# This output is used by Xcode 'outputs' to avoid re-running this script phase.\necho \"SUCCESS\" > \"${SCRIPT_OUTPUT_FILE_0}\"\n";
			showEnvVarsInLog = 0;
		};
		D8B84D151498625A37660FB7 /* [CP] Embed Pods Frameworks */ = {
			isa = PBXShellScriptBuildPhase;
			buildActionMask = 2147483647;
			files = (
			);
			inputPaths = (
				"${SRCROOT}/Pods/Target Support Files/Pods-MVVMReactive/Pods-MVVMReactive-frameworks.sh",
				"${BUILT_PRODUCTS_DIR}/ReactiveCocoa/ReactiveCocoa.framework",
				"${BUILT_PRODUCTS_DIR}/ReactiveSwift/ReactiveSwift.framework",
				"${BUILT_PRODUCTS_DIR}/Result/Result.framework",
			);
			name = "[CP] Embed Pods Frameworks";
			outputPaths = (
				"${TARGET_BUILD_DIR}/${FRAMEWORKS_FOLDER_PATH}/ReactiveCocoa.framework",
				"${TARGET_BUILD_DIR}/${FRAMEWORKS_FOLDER_PATH}/ReactiveSwift.framework",
				"${TARGET_BUILD_DIR}/${FRAMEWORKS_FOLDER_PATH}/Result.framework",
			);
			runOnlyForDeploymentPostprocessing = 0;
			shellPath = /bin/sh;
			shellScript = "\"${SRCROOT}/Pods/Target Support Files/Pods-MVVMReactive/Pods-MVVMReactive-frameworks.sh\"\n";
			showEnvVarsInLog = 0;
		};
/* End PBXShellScriptBuildPhase section */

/* Begin PBXSourcesBuildPhase section */
		B11E4CE921F49464006E95CB /* Sources */ = {
			isa = PBXSourcesBuildPhase;
			buildActionMask = 2147483647;
			files = (
				B11E4D1321F49581006E95CB /* Coordinator.swift in Sources */,
				B11E4CF321F49464006E95CB /* ViewController.swift in Sources */,
				B1DB282A21F5E51900092111 /* Service.swift in Sources */,
				B11E4D1121F49530006E95CB /* ViewModel.swift in Sources */,
				B11E4CF121F49464006E95CB /* AppDelegate.swift in Sources */,
			);
			runOnlyForDeploymentPostprocessing = 0;
		};
		B11E4CFD21F49466006E95CB /* Sources */ = {
			isa = PBXSourcesBuildPhase;
			buildActionMask = 2147483647;
			files = (
				B11E4D0621F49466006E95CB /* MVVMReactiveTests.swift in Sources */,
			);
			runOnlyForDeploymentPostprocessing = 0;
		};
/* End PBXSourcesBuildPhase section */

/* Begin PBXTargetDependency section */
		B11E4D0321F49466006E95CB /* PBXTargetDependency */ = {
			isa = PBXTargetDependency;
			target = B11E4CEC21F49464006E95CB /* MVVMReactive */;
			targetProxy = B11E4D0221F49466006E95CB /* PBXContainerItemProxy */;
		};
/* End PBXTargetDependency section */

/* Begin PBXVariantGroup section */
		B11E4CF421F49464006E95CB /* Main.storyboard */ = {
			isa = PBXVariantGroup;
			children = (
				B11E4CF521F49464006E95CB /* Base */,
			);
			name = Main.storyboard;
			sourceTree = "<group>";
		};
		B11E4CF921F49466006E95CB /* LaunchScreen.storyboard */ = {
			isa = PBXVariantGroup;
			children = (
				B11E4CFA21F49466006E95CB /* Base */,
			);
			name = LaunchScreen.storyboard;
			sourceTree = "<group>";
		};
/* End PBXVariantGroup section */

/* Begin XCBuildConfiguration section */
		B11E4D0821F49466006E95CB /* Debug */ = {
			isa = XCBuildConfiguration;
			buildSettings = {
				ALWAYS_SEARCH_USER_PATHS = NO;
				CLANG_ANALYZER_NONNULL = YES;
				CLANG_ANALYZER_NUMBER_OBJECT_CONVERSION = YES_AGGRESSIVE;
				CLANG_CXX_LANGUAGE_STANDARD = "gnu++14";
				CLANG_CXX_LIBRARY = "libc++";
				CLANG_ENABLE_MODULES = YES;
				CLANG_ENABLE_OBJC_ARC = YES;
				CLANG_ENABLE_OBJC_WEAK = YES;
				CLANG_WARN_BLOCK_CAPTURE_AUTORELEASING = YES;
				CLANG_WARN_BOOL_CONVERSION = YES;
				CLANG_WARN_COMMA = YES;
				CLANG_WARN_CONSTANT_CONVERSION = YES;
				CLANG_WARN_DEPRECATED_OBJC_IMPLEMENTATIONS = YES;
				CLANG_WARN_DIRECT_OBJC_ISA_USAGE = YES_ERROR;
				CLANG_WARN_DOCUMENTATION_COMMENTS = YES;
				CLANG_WARN_EMPTY_BODY = YES;
				CLANG_WARN_ENUM_CONVERSION = YES;
				CLANG_WARN_INFINITE_RECURSION = YES;
				CLANG_WARN_INT_CONVERSION = YES;
				CLANG_WARN_NON_LITERAL_NULL_CONVERSION = YES;
				CLANG_WARN_OBJC_IMPLICIT_RETAIN_SELF = YES;
				CLANG_WARN_OBJC_LITERAL_CONVERSION = YES;
				CLANG_WARN_OBJC_ROOT_CLASS = YES_ERROR;
				CLANG_WARN_RANGE_LOOP_ANALYSIS = YES;
				CLANG_WARN_STRICT_PROTOTYPES = YES;
				CLANG_WARN_SUSPICIOUS_MOVE = YES;
				CLANG_WARN_UNGUARDED_AVAILABILITY = YES_AGGRESSIVE;
				CLANG_WARN_UNREACHABLE_CODE = YES;
				CLANG_WARN__DUPLICATE_METHOD_MATCH = YES;
				CODE_SIGN_IDENTITY = "iPhone Developer";
				COPY_PHASE_STRIP = NO;
				DEBUG_INFORMATION_FORMAT = dwarf;
				ENABLE_STRICT_OBJC_MSGSEND = YES;
				ENABLE_TESTABILITY = YES;
				GCC_C_LANGUAGE_STANDARD = gnu11;
				GCC_DYNAMIC_NO_PIC = NO;
				GCC_NO_COMMON_BLOCKS = YES;
				GCC_OPTIMIZATION_LEVEL = 0;
				GCC_PREPROCESSOR_DEFINITIONS = (
					"DEBUG=1",
					"$(inherited)",
				);
				GCC_WARN_64_TO_32_BIT_CONVERSION = YES;
				GCC_WARN_ABOUT_RETURN_TYPE = YES_ERROR;
				GCC_WARN_UNDECLARED_SELECTOR = YES;
				GCC_WARN_UNINITIALIZED_AUTOS = YES_AGGRESSIVE;
				GCC_WARN_UNUSED_FUNCTION = YES;
				GCC_WARN_UNUSED_VARIABLE = YES;
				IPHONEOS_DEPLOYMENT_TARGET = 12.1;
				MTL_ENABLE_DEBUG_INFO = INCLUDE_SOURCE;
				MTL_FAST_MATH = YES;
				ONLY_ACTIVE_ARCH = YES;
				SDKROOT = iphoneos;
				SWIFT_ACTIVE_COMPILATION_CONDITIONS = DEBUG;
				SWIFT_OPTIMIZATION_LEVEL = "-Onone";
			};
			name = Debug;
		};
		B11E4D0921F49466006E95CB /* Release */ = {
			isa = XCBuildConfiguration;
			buildSettings = {
				ALWAYS_SEARCH_USER_PATHS = NO;
				CLANG_ANALYZER_NONNULL = YES;
				CLANG_ANALYZER_NUMBER_OBJECT_CONVERSION = YES_AGGRESSIVE;
				CLANG_CXX_LANGUAGE_STANDARD = "gnu++14";
				CLANG_CXX_LIBRARY = "libc++";
				CLANG_ENABLE_MODULES = YES;
				CLANG_ENABLE_OBJC_ARC = YES;
				CLANG_ENABLE_OBJC_WEAK = YES;
				CLANG_WARN_BLOCK_CAPTURE_AUTORELEASING = YES;
				CLANG_WARN_BOOL_CONVERSION = YES;
				CLANG_WARN_COMMA = YES;
				CLANG_WARN_CONSTANT_CONVERSION = YES;
				CLANG_WARN_DEPRECATED_OBJC_IMPLEMENTATIONS = YES;
				CLANG_WARN_DIRECT_OBJC_ISA_USAGE = YES_ERROR;
				CLANG_WARN_DOCUMENTATION_COMMENTS = YES;
				CLANG_WARN_EMPTY_BODY = YES;
				CLANG_WARN_ENUM_CONVERSION = YES;
				CLANG_WARN_INFINITE_RECURSION = YES;
				CLANG_WARN_INT_CONVERSION = YES;
				CLANG_WARN_NON_LITERAL_NULL_CONVERSION = YES;
				CLANG_WARN_OBJC_IMPLICIT_RETAIN_SELF = YES;
				CLANG_WARN_OBJC_LITERAL_CONVERSION = YES;
				CLANG_WARN_OBJC_ROOT_CLASS = YES_ERROR;
				CLANG_WARN_RANGE_LOOP_ANALYSIS = YES;
				CLANG_WARN_STRICT_PROTOTYPES = YES;
				CLANG_WARN_SUSPICIOUS_MOVE = YES;
				CLANG_WARN_UNGUARDED_AVAILABILITY = YES_AGGRESSIVE;
				CLANG_WARN_UNREACHABLE_CODE = YES;
				CLANG_WARN__DUPLICATE_METHOD_MATCH = YES;
				CODE_SIGN_IDENTITY = "iPhone Developer";
				COPY_PHASE_STRIP = NO;
				DEBUG_INFORMATION_FORMAT = "dwarf-with-dsym";
				ENABLE_NS_ASSERTIONS = NO;
				ENABLE_STRICT_OBJC_MSGSEND = YES;
				GCC_C_LANGUAGE_STANDARD = gnu11;
				GCC_NO_COMMON_BLOCKS = YES;
				GCC_WARN_64_TO_32_BIT_CONVERSION = YES;
				GCC_WARN_ABOUT_RETURN_TYPE = YES_ERROR;
				GCC_WARN_UNDECLARED_SELECTOR = YES;
				GCC_WARN_UNINITIALIZED_AUTOS = YES_AGGRESSIVE;
				GCC_WARN_UNUSED_FUNCTION = YES;
				GCC_WARN_UNUSED_VARIABLE = YES;
				IPHONEOS_DEPLOYMENT_TARGET = 12.1;
				MTL_ENABLE_DEBUG_INFO = NO;
				MTL_FAST_MATH = YES;
				SDKROOT = iphoneos;
				SWIFT_COMPILATION_MODE = wholemodule;
				SWIFT_OPTIMIZATION_LEVEL = "-O";
				VALIDATE_PRODUCT = YES;
			};
			name = Release;
		};
		B11E4D0B21F49466006E95CB /* Debug */ = {
			isa = XCBuildConfiguration;
			baseConfigurationReference = C6EAB55A7F2B7279B3ED3054 /* Pods-MVVMReactive.debug.xcconfig */;
			buildSettings = {
				ASSETCATALOG_COMPILER_APPICON_NAME = AppIcon;
				CODE_SIGN_STYLE = Manual;
				DEVELOPMENT_TEAM = "";
				INFOPLIST_FILE = MVVMReactive/Info.plist;
				IPHONEOS_DEPLOYMENT_TARGET = 10.1;
				LD_RUNPATH_SEARCH_PATHS = (
					"$(inherited)",
					"@executable_path/Frameworks",
				);
				PRODUCT_BUNDLE_IDENTIFIER = com.learning.reactive;
				PRODUCT_NAME = "$(TARGET_NAME)";
				PROVISIONING_PROFILE_SPECIFIER = "";
				SWIFT_VERSION = 4.2;
				TARGETED_DEVICE_FAMILY = "1,2";
			};
			name = Debug;
		};
		B11E4D0C21F49466006E95CB /* Release */ = {
			isa = XCBuildConfiguration;
			baseConfigurationReference = 69EBBADAD10415C13028A18D /* Pods-MVVMReactive.release.xcconfig */;
			buildSettings = {
				ASSETCATALOG_COMPILER_APPICON_NAME = AppIcon;
				CODE_SIGN_STYLE = Manual;
				DEVELOPMENT_TEAM = "";
				INFOPLIST_FILE = MVVMReactive/Info.plist;
				IPHONEOS_DEPLOYMENT_TARGET = 10.1;
				LD_RUNPATH_SEARCH_PATHS = (
					"$(inherited)",
					"@executable_path/Frameworks",
				);
				PRODUCT_BUNDLE_IDENTIFIER = com.learning.reactive;
				PRODUCT_NAME = "$(TARGET_NAME)";
				PROVISIONING_PROFILE_SPECIFIER = "";
				SWIFT_VERSION = 4.2;
				TARGETED_DEVICE_FAMILY = "1,2";
			};
			name = Release;
		};
		B11E4D0E21F49466006E95CB /* Debug */ = {
			isa = XCBuildConfiguration;
			baseConfigurationReference = 1FC4368DB6308D89FC5A048E /* Pods-MVVMReactiveTests.debug.xcconfig */;
			buildSettings = {
				ALWAYS_EMBED_SWIFT_STANDARD_LIBRARIES = YES;
				BUNDLE_LOADER = "$(TEST_HOST)";
				CODE_SIGN_STYLE = Automatic;
				INFOPLIST_FILE = MVVMReactiveTests/Info.plist;
				LD_RUNPATH_SEARCH_PATHS = (
					"$(inherited)",
					"@executable_path/Frameworks",
					"@loader_path/Frameworks",
				);
				PRODUCT_BUNDLE_IDENTIFIER = com.learning.reactive.MVVMReactiveTests;
				PRODUCT_NAME = "$(TARGET_NAME)";
				SWIFT_VERSION = 4.2;
				TARGETED_DEVICE_FAMILY = "1,2";
				TEST_HOST = "$(BUILT_PRODUCTS_DIR)/MVVMReactive.app/MVVMReactive";
			};
			name = Debug;
		};
		B11E4D0F21F49466006E95CB /* Release */ = {
			isa = XCBuildConfiguration;
			baseConfigurationReference = D8043AE961DF8C179341BB58 /* Pods-MVVMReactiveTests.release.xcconfig */;
			buildSettings = {
				ALWAYS_EMBED_SWIFT_STANDARD_LIBRARIES = YES;
				BUNDLE_LOADER = "$(TEST_HOST)";
				CODE_SIGN_STYLE = Automatic;
				INFOPLIST_FILE = MVVMReactiveTests/Info.plist;
				LD_RUNPATH_SEARCH_PATHS = (
					"$(inherited)",
					"@executable_path/Frameworks",
					"@loader_path/Frameworks",
				);
				PRODUCT_BUNDLE_IDENTIFIER = com.learning.reactive.MVVMReactiveTests;
				PRODUCT_NAME = "$(TARGET_NAME)";
				SWIFT_VERSION = 4.2;
				TARGETED_DEVICE_FAMILY = "1,2";
				TEST_HOST = "$(BUILT_PRODUCTS_DIR)/MVVMReactive.app/MVVMReactive";
			};
			name = Release;
		};
/* End XCBuildConfiguration section */

/* Begin XCConfigurationList section */
		B11E4CE821F49464006E95CB /* Build configuration list for PBXProject "MVVMReactive" */ = {
			isa = XCConfigurationList;
			buildConfigurations = (
				B11E4D0821F49466006E95CB /* Debug */,
				B11E4D0921F49466006E95CB /* Release */,
			);
			defaultConfigurationIsVisible = 0;
			defaultConfigurationName = Release;
		};
		B11E4D0A21F49466006E95CB /* Build configuration list for PBXNativeTarget "MVVMReactive" */ = {
			isa = XCConfigurationList;
			buildConfigurations = (
				B11E4D0B21F49466006E95CB /* Debug */,
				B11E4D0C21F49466006E95CB /* Release */,
			);
			defaultConfigurationIsVisible = 0;
			defaultConfigurationName = Release;
		};
		B11E4D0D21F49466006E95CB /* Build configuration list for PBXNativeTarget "MVVMReactiveTests" */ = {
			isa = XCConfigurationList;
			buildConfigurations = (
				B11E4D0E21F49466006E95CB /* Debug */,
				B11E4D0F21F49466006E95CB /* Release */,
			);
			defaultConfigurationIsVisible = 0;
			defaultConfigurationName = Release;
		};
/* End XCConfigurationList section */
	};
	rootObject = B11E4CE521F49464006E95CB /* Project object */;
}
